version = 1
revision = 3
requires-python = ">=3.12"

[[package]]
name = "colorama"
version = "0.4.6"
source = { registry = "https://pypi.org/simple" }
sdist = { url = "https://files.pythonhosted.org/packages/d8/53/6f443c9a4a8358a93a6792e2acffb9d9d5cb0a5cfd8802644b7b1c9a02e4/colorama-0.4.6.tar.gz", hash = "sha256:08695f5cb7ed6e0531a20572697297273c47b8cae5a63ffc6d6ed5c201be6e44", size = 27697, upload-time = "2022-10-25T02:36:22.414Z" }
wheels = [
    { url = "https://files.pythonhosted.org/packages/d1/d6/3965ed04c63042e047cb6a3e6ed1a63a35087b6a609aa3a15ed8ac56c221/colorama-0.4.6-py2.py3-none-any.whl", hash = "sha256:4f1d9991f5acc0ca119f9d443620b77f9d6b33703e51011c16baf57afb285fc6", size = 25335, upload-time = "2022-10-25T02:36:20.889Z" },
]

[[package]]
name = "duckdb"
version = "1.5.2"
source = { registry = "https://pypi.org/simple" }
sdist = { url = "https://files.pythonhosted.org/packages/0c/66/744b4931b799a42f8cb9bc7a6f169e7b8e51195b62b246db407fd90bf15f/duckdb-1.5.2.tar.gz", hash = "sha256:638da0d5102b6cb6f7d47f83d0600708ac1d3cb46c5e9aaabc845f9ba4d69246", size = 18017166, upload-time = "2026-04-13T11:30:09.065Z" }
wheels = [
    { url = "https://files.pythonhosted.org/packages/41/de/ebe66bbe78125fc610f4fd415447a65349d94245950f3b3dfb31d028af02/duckdb-1.5.2-cp312-cp312-macosx_10_13_universal2.whl", hash = "sha256:e6495b00cad16888384119842797c49316a96ae1cb132bb03856d980d95afee1", size = 30064950, upload-time = "2026-04-13T11:29:11.468Z" },
    { url = "https://files.pythonhosted.org/packages/2d/8a/3e25b5d03bcf1fb99d189912f8ce92b1db4f9c8778e1b1f55745973a855a/duckdb-1.5.2-cp312-cp312-macosx_10_13_x86_64.whl", hash = "sha256:d72b8856b1839d35648f38301b058f6232f4d36b463fe4dc8f4d3fdff2df1a2e", size = 15969113, upload-time = "2026-04-13T11:29:14.139Z" },
    { url = "https://files.pythonhosted.org/packages/19/bb/58001f0815002b1a93431bf907f77854085c7d049b83d521814a07b9db0b/duckdb-1.5.2-cp312-cp312-macosx_11_0_arm64.whl", hash = "sha256:2a1de4f4d454b8c97aec546c82003fc834d3422ce4bc6a19902f3462ef293bed", size = 14224774, upload-time = "2026-04-13T11:29:16.758Z" },
    { url = "https://files.pythonhosted.org/packages/d3/2f/a7f0de9509d1cef35608aeb382919041cdd70f58c173865c3da6a0d87979/duckdb-1.5.2-cp312-cp312-manylinux_2_26_aarch64.manylinux_2_28_aarch64.whl", hash = "sha256:ce0b8141a10d37ecef729c45bc41d334854013f4389f1488bd6035c5579aaac1", size = 19313510, upload-time = "2026-04-13T11:29:19.574Z" },
    { url = "https://files.pythonhosted.org/packages/26/78/eb1e064ea8b9df3b87b167bfd7a407b2f615a4291e06cba756727adfa06c/duckdb-1.5.2-cp312-cp312-manylinux_2_26_x86_64.manylinux_2_28_x86_64.whl", hash = "sha256:c99ef73a277c8921bc0a1f16dee38d924484251d9cfd20951748c20fcd5ed855", size = 21429692, upload-time = "2026-04-13T11:29:22.575Z" },
    { url = "https://files.pythonhosted.org/packages/5b/12/05b0c47d14839925c5e35b79081d918ca82e3f236bb724a6f58409dd5291/duckdb-1.5.2-cp312-cp312-win_amd64.whl", hash = "sha256:8d599758b4e48bf12e18c9b960cf491d219f0c4972d19a45489c05cc5ab36f83", size = 13107594, upload-time = "2026-04-13T11:29:25.43Z" },
    { url = "https://files.pythonhosted.org/packages/0b/2c/80558a82b236e044330e84a154b96aacddb343316b479f3d49be03ea11cb/duckdb-1.5.2-cp312-cp312-win_arm64.whl", hash = "sha256:fc85a5dbcbe6eccac1113c72370d1d3aacfdd49198d63950bdf7d8638a307f00", size = 13927537, upload-time = "2026-04-13T11:29:27.842Z" },
    { url = "https://files.pythonhosted.org/packages/98/f2/e3d742808f138d374be4bb516fade3d1f33749b813650810ab7885cdc363/duckdb-1.5.2-cp313-cp313-macosx_10_13_universal2.whl", hash = "sha256:4420b3f47027a7849d0e1815532007f377fa95ee5810b47ea717d35525c12f79", size = 30064879, upload-time = "2026-04-13T11:29:30.763Z" },
    { url = "https://files.pythonhosted.org/packages/72/0d/f3dc1cf97e1267ca15e4307d456f96ce583961f0703fd75e62b2ad8d64fa/duckdb-1.5.2-cp313-cp313-macosx_10_13_x86_64.whl", hash = "sha256:bb42e6ed543902e14eae647850da24103a89f0bc2587dec5601b1c1f213bd2ed", size = 15969327, upload-time = "2026-04-13T11:29:33.481Z" },
    { url = "https://files.pythonhosted.org/packages/b1/e0/d5418def53ae4e05a63075705ff44ed5af5a1a5932627eb2b600c5df1c93/duckdb-1.5.2-cp313-cp313-macosx_11_0_arm64.whl", hash = "sha256:98c0535cd6d901f61a5ea3c2e26a1fd28482953d794deb183daf568e3aa5dda6", size = 14225107, upload-time = "2026-04-13T11:29:35.882Z" },
    { url = "https://files.pythonhosted.org/packages/16/a7/15aaa59dbecc35e9711980fcdbf525b32a52470b32d18ef678193a146213/duckdb-1.5.2-cp313-cp313-manylinux_2_26_aarch64.manylinux_2_28_aarch64.whl", hash = "sha256:486c862bf7f163c0110b6d85b3e5c031d224a671cca468f12ebb1d3a348f6b39", size = 19313433, upload-time = "2026-04-13T11:29:38.367Z" },
    { url = "https://files.pythonhosted.org/packages/bd/21/d903cc63a5140c822b7b62b373a87dc557e60c29b321dfb435061c5e67cf/duckdb-1.5.2-cp313-cp313-manylinux_2_26_x86_64.manylinux_2_28_x86_64.whl", hash = "sha256:70631c847ca918ee710ec874241b00cf9d2e5be90762cbb2a0389f17823c08f7", size = 21429837, upload-time = "2026-04-13T11:29:41.135Z" },
    { url = "https://files.pythonhosted.org/packages/e3/0a/b770d1f60c70597302130d6247f418549b7094251a02348fbaf1c7e147ae/duckdb-1.5.2-cp313-cp313-win_amd64.whl", hash = "sha256:52a21823f3fbb52f0f0e5425e20b07391ad882464b955879499b5ff0b45a376b", size = 13107699, upload-time = "2026-04-13T11:29:43.905Z" },
    { url = "https://files.pythonhosted.org/packages/d9/cf/e200fe431d700962d1a908d2ce89f53ccee1cc8db260174ae663ba09686b/duckdb-1.5.2-cp313-cp313-win_arm64.whl", hash = "sha256:411ad438bd4140f189a10e7f515781335962c5d18bd07837dc6d202e3985253d", size = 13927646, upload-time = "2026-04-13T11:29:46.598Z" },
    { url = "https://files.pythonhosted.org/packages/83/a1/f6286c67726cc1ea60a6e3c0d9fbc66527dde24ae089a51bbe298b13ca78/duckdb-1.5.2-cp314-cp314-macosx_10_15_universal2.whl", hash = "sha256:6b0fe75c148000f060aa1a27b293cacc0ea08cc1cad724fbf2143d56070a3785", size = 30078598, upload-time = "2026-04-13T11:29:49.828Z" },
    { url = "https://files.pythonhosted.org/packages/de/6a/59febb02f21a4a5c6b0b0099ef7c965fdd5e61e4904cf813809bb792e35f/duckdb-1.5.2-cp314-cp314-macosx_10_15_x86_64.whl", hash = "sha256:35579b8e3a064b5eaf15b0eafc558056a13f79a0a62e34cc4baf57119daecfec", size = 15975120, upload-time = "2026-04-13T11:29:52.631Z" },
    { url = "https://files.pythonhosted.org/packages/09/70/ce750854d37bb5a45cccbb2c3cb04df4af56aea8fc30a2499bb643b4a9c0/duckdb-1.5.2-cp314-cp314-macosx_11_0_arm64.whl", hash = "sha256:ea58ff5b0880593a280cf5511734b17711b32ee1f58b47d726e8600848358160", size = 14227762, upload-time = "2026-04-13T11:29:55.564Z" },
    { url = "https://files.pythonhosted.org/packages/28/dc/ad45ac3c0b6c4687dc649e8f6cf01af1c8b0443932a39b2abb4ebcb3babd/duckdb-1.5.2-cp314-cp314-manylinux_2_26_aarch64.manylinux_2_28_aarch64.whl", hash = "sha256:ef461bca07313412dc09961c4a4757a851f56b95ac01c58fac6007632b7b94f2", size = 19315668, upload-time = "2026-04-13T11:29:58.427Z" },
    { url = "https://files.pythonhosted.org/packages/cc/b1/1464f468d2e5813f5808de95df9d3113a645a5bfa2ffcaecbc542ddae272/duckdb-1.5.2-cp314-cp314-manylinux_2_26_x86_64.manylinux_2_28_x86_64.whl", hash = "sha256:be37680ddb380015cb37318e378c53511c45c4f0d8fac5599d22b7d092b9217a", size = 21434056, upload-time = "2026-04-13T11:30:01.238Z" },
    { url = "https://files.pythonhosted.org/packages/ce/32/6673607e024722473fa7aafdd29c0e3dd231dd528f6cd8b5797fbeeb229d/duckdb-1.5.2-cp314-cp314-win_amd64.whl", hash = "sha256:0b291786014df1133f8f18b9df4d004484613146e858d71a21791e0fcca16cf4", size = 13633667, upload-time = "2026-04-13T11:30:04.05Z" },
    { url = "https://files.pythonhosted.org/packages/7a/e3/9d34173ec068631faea3ea6e73050700729363e7e33306a9a3218e5cdc61/duckdb-1.5.2-cp314-cp314-win_arm64.whl", hash = "sha256:c9f3e0b71b8a50fccfb42794899285d9d318ce2503782b9dd54868e5ecd0ad31", size = 14402513, upload-time = "2026-04-13T11:30:06.609Z" },
]

[[package]]
name = "lake-forge"
version = "0.1.0"
source = { virtual = "." }
dependencies = [
    { name = "duckdb" },
    { name = "loguru" },
    { name = "tpchgen-cli" },
]

[package.dev-dependencies]
dev = [
    { name = "pyrefly" },
    { name = "ruff" },
]

[package.metadata]
requires-dist = [
    { name = "duckdb", specifier = ">=1.5.2" },
    { name = "loguru", specifier = ">=0.7.3" },
    { name = "tpchgen-cli", specifier = ">=2.0.2" },
]

[package.metadata.requires-dev]
dev = [
    { name = "pyrefly", specifier = ">=0.64.1" },
    { name = "ruff", specifier = ">=0.15.12" },
]

[[package]]
name = "loguru"
version = "0.7.3"
source = { registry = "https://pypi.org/simple" }
dependencies = [
    { name = "colorama", marker = "sys_platform == 'win32'" },
    { name = "win32-setctime", marker = "sys_platform == 'win32'" },
]
sdist = { url = "https://files.pythonhosted.org/packages/3a/05/a1dae3dffd1116099471c643b8924f5aa6524411dc6c63fdae648c4f1aca/loguru-0.7.3.tar.gz", hash = "sha256:19480589e77d47b8d85b2c827ad95d49bf31b0dcde16593892eb51dd18706eb6", size = 63559, upload-time = "2024-12-06T11:20:56.608Z" }
wheels = [
    { url = "https://files.pythonhosted.org/packages/0c/29/0348de65b8cc732daa3e33e67806420b2ae89bdce2b04af740289c5c6c8c/loguru-0.7.3-py3-none-any.whl", hash = "sha256:31a33c10c8e1e10422bfd431aeb5d351c7cf7fa671e3c4df004162264b28220c", size = 61595, upload-time = "2024-12-06T11:20:54.538Z" },
]

[[package]]
name = "pyrefly"
version = "0.64.1"
source = { registry = "https://pypi.org/simple" }
sdist = { url = "https://files.pythonhosted.org/packages/a7/13/7f824fa240a7c6b5595defc749d7e0e41c1c7fa2a889f55d5bd7d5cca28c/pyrefly-0.64.1.tar.gz", hash = "sha256:6303095afeedf4a93c7cf5e273ad0ada3d76f3a66b8769e06a6b96f0b2b22a39", size = 5678602, upload-time = "2026-05-08T03:37:53.334Z" }
wheels = [
    { url = "https://files.pythonhosted.org/packages/a4/1a/2a26e0b87942830bb3cdf21e89a6772efadd07ebf1d4f25a05ffc00ab71a/pyrefly-0.64.1-py3-none-macosx_10_12_x86_64.whl", hash = "sha256:df5c1a8edc83483b8fcc662a188ac09a129e1d051c676794ca9ac1005373ae0a", size = 13112175, upload-time = "2026-05-08T03:37:30.448Z" },
    { url = "https://files.pythonhosted.org/packages/5e/c8/625ad5ef423d425498eef4f350fe0a788d3d5403960dac6ff660b5a8edad/pyrefly-0.64.1-py3-none-macosx_11_0_arm64.whl", hash = "sha256:e0388c486816043c745744c7cc7f1215005c3c2d9506c5ee89ebaee013cd62f3", size = 12593929, upload-time = "2026-05-08T03:37:33.23Z" },
    { url = "https://files.pythonhosted.org/packages/9a/9e/0b11aa0d0310f274f41394884d57775d5ac7d36cdb57ba8f030b7dcfae50/pyrefly-0.64.1-py3-none-manylinux_2_17_aarch64.manylinux2014_aarch64.whl", hash = "sha256:da4d384a6466c59ba6bfa46b20f9a9f6b73922aeee43d96c9f89480d5edd3ad9", size = 12986439, upload-time = "2026-05-08T03:37:35.779Z" },
    { url = "https://files.pythonhosted.org/packages/20/be/3f774b450415fffe6ef13d0fcf4e22c733bad7c3d826a54693e17c9ab302/pyrefly-0.64.1-py3-none-manylinux_2_17_i686.manylinux2014_i686.whl", hash = "sha256:52fad756a47c9fc1d912f8564f2afdb816c4d057dfd8f90f07adce52314a5b56", size = 13936843, upload-time = "2026-05-08T03:37:38.203Z" },
    { url = "https://files.pythonhosted.org/packages/c2/ee/e551c0ce512f01ddc09ed4258856ed4513bf49f3749c8c814a5b94ae59a3/pyrefly-0.64.1-py3-none-manylinux_2_17_ppc64le.manylinux2014_ppc64le.whl", hash = "sha256:970a888b37eea53136a364b43e1466179ff8bb383e894c0afec3a3055e15cd9e", size = 13915094, upload-time = "2026-05-08T03:37:40.698Z" },
    { url = "https://files.pythonhosted.org/packages/48/c3/3aed3ff905f82833de7c48d8f9788e8ce9fed57c95bf876eef3cd02c4d29/pyrefly-0.64.1-py3-none-manylinux_2_17_x86_64.manylinux2014_x86_64.whl", hash = "sha256:92ac7078f174a79d489a0d0c43d858523f8e5b95f4981269f2f75c4aaa66be3d", size = 13459840, upload-time = "2026-05-08T03:37:43.245Z" },
    { url = "https://files.pythonhosted.org/packages/b4/ed/aa1dc8b913d416a3c8bffc5485b1efe23c6039ead0dc5a9ad5505bf161ce/pyrefly-0.64.1-py3-none-win32.whl", hash = "sha256:3d16c90365af2f424c6e6a5c87d85ca94e8618ebcb4bf4c910634fd65d32b2e6", size = 12208564, upload-time = "2026-05-08T03:37:45.988Z" },
    { url = "https://files.pythonhosted.org/packages/8c/0c/29dfe1cbcf3b1907558e67a3e4b304af3992933f05e22a596333489d5950/pyrefly-0.64.1-py3-none-win_amd64.whl", hash = "sha256:1fda307ecf414274445108a5df5b58c6fa1702a51b4ee6c1df87efeeb97dec59", size = 13134553, upload-time = "2026-05-08T03:37:48.459Z" },
    { url = "https://files.pythonhosted.org/packages/c2/7c/449407653fe95e3f3a65dd8a54d8729ac0451247489d79d4e07808d73917/pyrefly-0.64.1-py3-none-win_arm64.whl", hash = "sha256:8f83a74c1463842d486d6578a000feccf47cd54d6d7d6628ffe73b1055ca9dce", size = 12528438, upload-time = "2026-05-08T03:37:50.923Z" },
]

[[package]]
name = "ruff"
version = "0.15.12"
source = { registry = "https://pypi.org/simple" }
sdist = { url = "https://files.pythonhosted.org/packages/99/43/3291f1cc9106f4c63bdce7a8d0df5047fe8422a75b091c16b5e9355e0b11/ruff-0.15.12.tar.gz", hash = "sha256:ecea26adb26b4232c0c2ca19ccbc0083a68344180bba2a600605538ce51a40a6", size = 4643852, upload-time = "2026-04-24T18:17:14.305Z" }
wheels = [
    { url = "https://files.pythonhosted.org/packages/c3/6e/e78ffb61d4686f3d96ba3df2c801161843746dcbcbb17a1e927d4829312b/ruff-0.15.12-py3-none-linux_armv6l.whl", hash = "sha256:f86f176e188e94d6bdbc09f09bfd9dc729059ad93d0e7390b5a73efe19f8861c", size = 10640713, upload-time = "2026-04-24T18:17:22.841Z" },
    { url = "https://files.pythonhosted.org/packages/ae/08/a317bc231fb9e7b93e4ef3089501e51922ff88d6936ce5cf870c4fe55419/ruff-0.15.12-py3-none-macosx_10_12_x86_64.whl", hash = "sha256:e3bcd123364c3770b8e1b7baaf343cc99a35f197c5c6e8af79015c666c423a6c", size = 11069267, upload-time = "2026-04-24T18:17:30.105Z" },
    { url = "https://files.pythonhosted.org/packages/aa/a4/f828e9718d3dce1f5f11c39c4f65afd32783c8b2aebb2e3d259e492c47bd/ruff-0.15.12-py3-none-macosx_11_0_arm64.whl", hash = "sha256:fe87510d000220aa1ed530d4448a7c696a0cae1213e5ec30e5874287b66557b5", size = 10397182, upload-time = "2026-04-24T18:17:07.177Z" },
    { url = "https://files.pythonhosted.org/packages/71/e0/3310fc6d1b5e1fdea22bf3b1b807c7e187b581021b0d7d4514cccdb5fb71/ruff-0.15.12-py3-none-manylinux_2_17_aarch64.manylinux2014_aarch64.whl", hash = "sha256:84a1630093121375a3e2a95b4a6dc7b59e2b4ee76216e32d81aae550a832d002", size = 10758012, upload-time = "2026-04-24T18:16:55.759Z" },
    { url = "https://files.pythonhosted.org/packages/11/c1/a606911aee04c324ddaa883ae418f3569792fd3c4a10c50e0dd0a2311e1e/ruff-0.15.12-py3-none-manylinux_2_17_armv7l.manylinux2014_armv7l.whl", hash = "sha256:fb129f40f114f089ebe0ca56c0d251cf2061b17651d464bb6478dc01e69f11f5", size = 10447479, upload-time = "2026-04-24T18:16:51.677Z" },
    { url = "https://files.pythonhosted.org/packages/9d/68/4201e8444f0894f21ab4aeeaee68aa4f10b51613514a20d80bd628d57e88/ruff-0.15.12-py3-none-manylinux_2_17_i686.manylinux2014_i686.whl", hash = "sha256:b0c862b172d695db7598426b8af465e7e9ac00a3ea2a3630ee67eb82e366aaa6", size = 11234040, upload-time = "2026-04-24T18:17:16.529Z" },
    { url = "https://files.pythonhosted.org/packages/34/ff/8a6d6cf4ccc23fd67060874e832c18919d1557a0611ebef03fdb01fff11e/ruff-0.15.12-py3-none-manylinux_2_17_ppc64le.manylinux2014_ppc64le.whl", hash = "sha256:2849ea9f3484c3aca43a82f484210370319e7170df4dfe4843395ddf6c57bc33", size = 12087377, upload-time = "2026-04-24T18:17:04.944Z" },
    { url = "https://files.pythonhosted.org/packages/85/f6/c669cf73f5152f623d34e69866a46d5e6185816b19fcd5b6dd8a2d299922/ruff-0.15.12-py3-none-manylinux_2_17_s390x.manylinux2014_s390x.whl", hash = "sha256:9e77c7e51c07fe396826d5969a5b846d9cd4c402535835fb6e21ce8b28fef847", size = 11367784, upload-time = "2026-04-24T18:17:25.409Z" },
    { url = "https://files.pythonhosted.org/packages/e8/39/c61d193b8a1daaa8977f7dea9e8d8ba866e02ea7b65d32f6861693aa4c12/ruff-0.15.12-py3-none-manylinux_2_17_x86_64.manylinux2014_x86_64.whl", hash = "sha256:83b2f4f2f3b1026b5fb449b467d9264bf22067b600f7b6f41fc5958909f449d0", size = 11344088, upload-time = "2026-04-24T18:17:12.258Z" },
    { url = "https://files.pythonhosted.org/packages/c2/8d/49afab3645e31e12c590acb6d3b5b69d7aab5b81926dbaf7461f9441f37a/ruff-0.15.12-py3-none-manylinux_2_31_riscv64.whl", hash = "sha256:9ba3b8f1afd7e2e43d8943e55f249e13f9682fde09711644a6e7290eb4f3e339", size = 11271770, upload-time = "2026-04-24T18:17:02.457Z" },
    { url = "https://files.pythonhosted.org/packages/46/06/33f41fe94403e2b755481cdfb9b7ef3e4e0ed031c4581124658d935d52b4/ruff-0.15.12-py3-none-musllinux_1_2_aarch64.whl", hash = "sha256:e852ba9fdc890655e1d78f2df1499efbe0e54126bd405362154a75e2bde159c5", size = 10719355, upload-time = "2026-04-24T18:17:27.648Z" },
    { url = "https://files.pythonhosted.org/packages/0d/59/18aa4e014debbf559670e4048e39260a85c7fcee84acfd761ac01e7b8d35/ruff-0.15.12-py3-none-musllinux_1_2_armv7l.whl", hash = "sha256:dd8aed930da53780d22fc70bdf84452c843cf64f8cb4eb38984319c24c5cd5fd", size = 10462758, upload-time = "2026-04-24T18:17:32.347Z" },
    { url = "https://files.pythonhosted.org/packages/25/e7/cc9f16fd0f3b5fddcbd7ec3d6ae30c8f3fde1047f32a4093a98d633c6570/ruff-0.15.12-py3-none-musllinux_1_2_i686.whl", hash = "sha256:01da3988d225628b709493d7dc67c3b9b12c0210016b08690ef9bd27970b262b", size = 10953498, upload-time = "2026-04-24T18:17:20.674Z" },
    { url = "https://files.pythonhosted.org/packages/72/7a/a9ba7f98c7a575978698f4230c5e8cc54bbc761af34f560818f933dafa0c/ruff-0.15.12-py3-none-musllinux_1_2_x86_64.whl", hash = "sha256:9cae0f92bd5700d1213188b31cd3bdd2b315361296d10b96b8e2337d3d11f53e", size = 11447765, upload-time = "2026-04-24T18:17:09.755Z" },
    { url = "https://files.pythonhosted.org/packages/ea/f9/0ae446942c846b8266059ad8a30702a35afae55f5cdc54c5adf8d7afdc27/ruff-0.15.12-py3-none-win32.whl", hash = "sha256:d0185894e038d7043ba8fd6aee7499ece6462dc0ea9f1e260c7451807c714c20", size = 10657277, upload-time = "2026-04-24T18:17:18.591Z" },
    { url = "https://files.pythonhosted.org/packages/33/f1/9614e03e1cdcbf9437570b5400ced8a720b5db22b28d8e0f1bda429f660d/ruff-0.15.12-py3-none-win_amd64.whl", hash = "sha256:c87a162d61ab3adca47c03f7f717c68672edec7d1b5499e652331780fe74950d", size = 11837758, upload-time = "2026-04-24T18:17:00.113Z" },
    { url = "https://files.pythonhosted.org/packages/c0/98/6beb4b351e472e5f4c4613f7c35a5290b8be2497e183825310c4c3a3984b/ruff-0.15.12-py3-none-win_arm64.whl", hash = "sha256:a538f7a82d061cee7be55542aca1d86d1393d55d81d4fcc314370f4340930d4f", size = 11120821, upload-time = "2026-04-24T18:16:57.979Z" },
]

[[package]]
name = "tpchgen-cli"
version = "2.0.2"
source = { registry = "https://pypi.org/simple" }
sdist = { url = "https://files.pythonhosted.org/packages/29/11/81338d253c93ee580d9e3abe100a4f6c639d5ddc6608bca525b55a038b76/tpchgen_cli-2.0.2.tar.gz", hash = "sha256:7181ffc929df1d813ce0d6e3f6db436bf615aab65fbe99138beb3090c59cd0e2", size = 3432876, upload-time = "2025-12-26T02:54:01.358Z" }
wheels = [
    { url = "https://files.pythonhosted.org/packages/99/88/d9b6189e2a857c3e7106887c61dc5d6e9d2d324293c54b55fad9675d1913/tpchgen_cli-2.0.2-py3-none-macosx_10_12_x86_64.whl", hash = "sha256:e61320f6177dd69f17250bb581f167b9548fd8d94c19f570e69191be75cc01c3", size = 5576642, upload-time = "2025-12-26T02:53:33.658Z" },
    { url = "https://files.pythonhosted.org/packages/90/c8/c87acf47b1397f7eea3643fc7924ad4abd7f4e4e5fe947d9b2eaab81a34c/tpchgen_cli-2.0.2-py3-none-macosx_11_0_arm64.whl", hash = "sha256:f371ae82538aa7060db9d979051b211f19152ee8f82ab6d71dd3432ed17debbf", size = 5252199, upload-time = "2025-12-26T02:53:36.02Z" },
    { url = "https://files.pythonhosted.org/packages/48/2c/dc9ce52f8e9f6d5919ed8427308a58038dd97d9ef433e76f65516a45c2f7/tpchgen_cli-2.0.2-py3-none-manylinux_2_17_aarch64.manylinux2014_aarch64.whl", hash = "sha256:685dbb3b39ae764150048c5dd5ffb76314841b620cead30a5edd50d2d6ca7a6b", size = 5758519, upload-time = "2025-12-26T02:53:38.161Z" },
    { url = "https://files.pythonhosted.org/packages/cd/53/3e69e029a9fcec4d7cbcbe16cc7e5b4bcf1d518490286dd4932376a9046f/tpchgen_cli-2.0.2-py3-none-manylinux_2_17_armv7l.manylinux2014_armv7l.whl", hash = "sha256:d71adedecb83cea4665d68ff3b75b797481f499324f6c22fa52b7033b26f598d", size = 5951237, upload-time = "2025-12-26T02:53:40.387Z" },
    { url = "https://files.pythonhosted.org/packages/eb/b5/f2b34d41f2f8584d9bf715555072fdd3813d2e8bb8981ead149fa79fa7e0/tpchgen_cli-2.0.2-py3-none-manylinux_2_17_i686.manylinux2014_i686.whl", hash = "sha256:36fa88bb80b278364305f3047a2dfd95c3130bbb22ad9af4d1fcbbe8dc8bcfee", size = 6522433, upload-time = "2025-12-26T02:53:42.526Z" },
    { url = "https://files.pythonhosted.org/packages/e2/33/e9bdb3ba82e1d160e531850a058f718188a565b40c2edf5bdb070392ebd4/tpchgen_cli-2.0.2-py3-none-manylinux_2_17_ppc64le.manylinux2014_ppc64le.whl", hash = "sha256:28f5f8ee3c8eab1779bde8d763ad8cd852229217a377c5c33d271b1a5e9bdf36", size = 7457373, upload-time = "2025-12-26T02:53:44.475Z" },
    { url = "https://files.pythonhosted.org/packages/a5/6d/d5dc960f5e7763869e33dd904797e012c5c84609ba8eefa34c525f7e806c/tpchgen_cli-2.0.2-py3-none-manylinux_2_17_x86_64.manylinux2014_x86_64.whl", hash = "sha256:a1394361d426f35d3a448ca99948f74e333cf85dce98abb101e617273f0eba9e", size = 5997781, upload-time = "2025-12-26T02:53:46.791Z" },
    { url = "https://files.pythonhosted.org/packages/1d/86/a3d8faa707fad1a0736a39b2d007105fd5b351e3076871f6391a90b71488/tpchgen_cli-2.0.2-py3-none-musllinux_1_2_aarch64.whl", hash = "sha256:ea303d454bf44e0aae366e893cd3f393d8f89c1a94ddfc4ae79b7fd05ecb5d6c", size = 5642562, upload-time = "2025-12-26T02:53:48.971Z" },
    { url = "https://files.pythonhosted.org/packages/a7/aa/4e97047c5b69bcb280ee7b1f4f9b2116f15a590332a9a8fcfc54f1f1c429/tpchgen_cli-2.0.2-py3-none-musllinux_1_2_armv7l.whl", hash = "sha256:8a3758afd1c5e5379e86cd1e8c9629aa85fd4293532e769b01466da9e682b79c", size = 5977608, upload-time = "2025-12-26T02:53:50.979Z" },
    { url = "https://files.pythonhosted.org/packages/f8/4d/ca26c4dc4dd0401eb8626baaff0637ee973a41505c7db9fb8a11261cb620/tpchgen_cli-2.0.2-py3-none-musllinux_1_2_i686.whl", hash = "sha256:c04caaa18b8eb224f5de88ee773e21afbf4f9723f71fdc77e7fb88a8fb3b1f69", size = 6214864, upload-time = "2025-12-26T02:53:53.244Z" },
    { url = "https://files.pythonhosted.org/packages/08/9f/a87904ae9382559218b03c6be6f162fe4384bcffd6d636dbd334d17e5162/tpchgen_cli-2.0.2-py3-none-musllinux_1_2_x86_64.whl", hash = "sha256:fc14ce31de7560955bb0880ed46d23e2419afcf66494a775ff50edeed4388378", size = 6061354, upload-time = "2025-12-26T02:53:55.359Z" },
    { url = "https://files.pythonhosted.org/packages/df/f7/86c5528e01f0a99450588b568f84079eb75bead9331d4ca0ade2407348be/tpchgen_cli-2.0.2-py3-none-win32.whl", hash = "sha256:2735a81abcdd2f95301960e8522707e8a380c342c95112928065dd531f6a1bb9", size = 4644026, upload-time = "2025-12-26T02:53:57.135Z" },
    { url = "https://files.pythonhosted.org/packages/f7/56/9225072e2b5a1f12a1a87a3d9dbdb6696cccbe313aa84ac404a304dfa7d2/tpchgen_cli-2.0.2-py3-none-win_amd64.whl", hash = "sha256:a532917f167d63fc9223f1f34887bbb80c3f0024ae78c4a2c24923beb680068b", size = 5171253, upload-time = "2025-12-26T02:53:59.207Z" },
]

[[package]]
name = "win32-setctime"
version = "1.2.0"
source = { registry = "https://pypi.org/simple" }
sdist = { url = "https://files.pythonhosted.org/packages/b3/8f/705086c9d734d3b663af0e9bb3d4de6578d08f46b1b101c2442fd9aecaa2/win32_setctime-1.2.0.tar.gz", hash = "sha256:ae1fdf948f5640aae05c511ade119313fb6a30d7eabe25fef9764dca5873c4c0", size = 4867, upload-time = "2024-12-07T15:28:28.314Z" }
wheels = [
    { url = "https://files.pythonhosted.org/packages/e1/07/c6fe3ad3e685340704d314d765b7912993bcb8dc198f0e7a89382d37974b/win32_setctime-1.2.0-py3-none-any.whl", hash = "sha256:95d644c4e708aba81dc3704a116d8cbc974d70b3bdb8be1d150e36be6e9d1390", size = 4083, upload-time = "2024-12-07T15:28:26.465Z" },
]
